// !$*UTF8*$!
{
	archiveVersion = 1;
	classes = {
	};
	objectVersion = 52;
	objects = {

/* Begin PBXBuildFile section */
		27A6676027D9EB2300A6135E /* ExternalDataManager.swift in Sources */ = {isa = PBXBuildFile; fileRef = 27A6675F27D9EB2300A6135E /* ExternalDataManager.swift */; };
		27A6676627D9ED0800A6135E /* Alamofire in Frameworks */ = {isa = PBXBuildFile; productRef = 27A6676527D9ED0800A6135E /* Alamofire */; };
		27A6677327DA00F800A6135E /* Utils.swift in Sources */ = {isa = PBXBuildFile; fileRef = 27A6677227DA00F800A6135E /* Utils.swift */; };
		27A6678B27DA22DD00A6135E /* MainListPresenter.swift in Sources */ = {isa = PBXBuildFile; fileRef = 27A6678427DA22DD00A6135E /* MainListPresenter.swift */; };
		27A6678C27DA22DD00A6135E /* MainListLocalDataManager.swift in Sources */ = {isa = PBXBuildFile; fileRef = 27A6678527DA22DD00A6135E /* MainListLocalDataManager.swift */; };
		27A6678D27DA22DD00A6135E /* MainListProtocols.swift in Sources */ = {isa = PBXBuildFile; fileRef = 27A6678627DA22DD00A6135E /* MainListProtocols.swift */; };
		27A6678E27DA22DD00A6135E /* MainListInteractor.swift in Sources */ = {isa = PBXBuildFile; fileRef = 27A6678727DA22DD00A6135E /* MainListInteractor.swift */; };
		27A6678F27DA22DD00A6135E /* MainListView.swift in Sources */ = {isa = PBXBuildFile; fileRef = 27A6678827DA22DD00A6135E /* MainListView.swift */; };
		27A6679027DA22DD00A6135E /* MainListRemoteDataManager.swift in Sources */ = {isa = PBXBuildFile; fileRef = 27A6678927DA22DD00A6135E /* MainListRemoteDataManager.swift */; };
		27A6679127DA22DD00A6135E /* MainListWireFrame.swift in Sources */ = {isa = PBXBuildFile; fileRef = 27A6678A27DA22DD00A6135E /* MainListWireFrame.swift */; };
		27A6679627DA2EC400A6135E /* MainListView.storyboard in Resources */ = {isa = PBXBuildFile; fileRef = 27A6679527DA2EC400A6135E /* MainListView.storyboard */; };
		27A667AD27DA828600A6135E /* MainListCell.xib in Resources */ = {isa = PBXBuildFile; fileRef = 27A667AC27DA828600A6135E /* MainListCell.xib */; };
		27A667C627DA83C300A6135E /* MainListTableViewCell.swift in Sources */ = {isa = PBXBuildFile; fileRef = 27A667C527DA83C300A6135E /* MainListTableViewCell.swift */; };
		27A667CB27DA996100A6135E /* MainListModel.swift in Sources */ = {isa = PBXBuildFile; fileRef = 27A667CA27DA996100A6135E /* MainListModel.swift */; };
		27A667DA27DAC6E100A6135E /* MainDetailPresenter.swift in Sources */ = {isa = PBXBuildFile; fileRef = 27A667D327DAC6E100A6135E /* MainDetailPresenter.swift */; };
		27A667DB27DAC6E100A6135E /* MainDetailLocalDataManager.swift in Sources */ = {isa = PBXBuildFile; fileRef = 27A667D427DAC6E100A6135E /* MainDetailLocalDataManager.swift */; };
		27A667DC27DAC6E100A6135E /* MainDetailProtocols.swift in Sources */ = {isa = PBXBuildFile; fileRef = 27A667D527DAC6E100A6135E /* MainDetailProtocols.swift */; };
		27A667DD27DAC6E100A6135E /* MainDetailInteractor.swift in Sources */ = {isa = PBXBuildFile; fileRef = 27A667D627DAC6E100A6135E /* MainDetailInteractor.swift */; };
		27A667DE27DAC6E100A6135E /* MainDetailView.swift in Sources */ = {isa = PBXBuildFile; fileRef = 27A667D727DAC6E100A6135E /* MainDetailView.swift */; };
		27A667DF27DAC6E100A6135E /* MainDetailRemoteDataManager.swift in Sources */ = {isa = PBXBuildFile; fileRef = 27A667D827DAC6E100A6135E /* MainDetailRemoteDataManager.swift */; };
		27A667E027DAC6E100A6135E /* MainDetailWireFrame.swift in Sources */ = {isa = PBXBuildFile; fileRef = 27A667D927DAC6E100A6135E /* MainDetailWireFrame.swift */; };
		27A667EB27DAC9B900A6135E /* MainDetailView.storyboard in Resources */ = {isa = PBXBuildFile; fileRef = 27A667EA27DAC9B900A6135E /* MainDetailView.storyboard */; };
		27A667F327DAD0F200A6135E /* Extensions.swift in Sources */ = {isa = PBXBuildFile; fileRef = 27A667F227DAD0F200A6135E /* Extensions.swift */; };
		27A667FC27DB403000A6135E /* SDWebImage in Frameworks */ = {isa = PBXBuildFile; productRef = 27A667FB27DB403000A6135E /* SDWebImage */; };
		27A6680127DB5C0600A6135E /* MainDetailModel.swift in Sources */ = {isa = PBXBuildFile; fileRef = 27A6680027DB5C0600A6135E /* MainDetailModel.swift */; };
		27A6680727DB5F1700A6135E /* Marvel-Regular.ttf in Resources */ = {isa = PBXBuildFile; fileRef = 27A6680627DB5F1700A6135E /* Marvel-Regular.ttf */; };
		27A6680C27DB613B00A6135E /* Marvel2.otf in Resources */ = {isa = PBXBuildFile; fileRef = 27A6680B27DB613B00A6135E /* Marvel2.otf */; };
		27CC644527D7FA270006A5A5 /* AppDelegate.swift in Sources */ = {isa = PBXBuildFile; fileRef = 27CC644427D7FA270006A5A5 /* AppDelegate.swift */; };
		27CC644727D7FA270006A5A5 /* SceneDelegate.swift in Sources */ = {isa = PBXBuildFile; fileRef = 27CC644627D7FA270006A5A5 /* SceneDelegate.swift */; };
		27CC644E27D7FA2A0006A5A5 /* Assets.xcassets in Resources */ = {isa = PBXBuildFile; fileRef = 27CC644D27D7FA2A0006A5A5 /* Assets.xcassets */; };
		27CC645127D7FA2A0006A5A5 /* LaunchScreen.storyboard in Resources */ = {isa = PBXBuildFile; fileRef = 27CC644F27D7FA2A0006A5A5 /* LaunchScreen.storyboard */; };
		27CC645C27D7FA2B0006A5A5 /* MARVEL_appTests.swift in Sources */ = {isa = PBXBuildFile; fileRef = 27CC645B27D7FA2B0006A5A5 /* MARVEL_appTests.swift */; };
		27CC646727D7FA2B0006A5A5 /* MARVEL_appUITests.swift in Sources */ = {isa = PBXBuildFile; fileRef = 27CC646627D7FA2B0006A5A5 /* MARVEL_appUITests.swift */; };
		27CC647927D8002B0006A5A5 /* Character.swift in Sources */ = {isa = PBXBuildFile; fileRef = 27CC647827D8002B0006A5A5 /* Character.swift */; };
		27CC647E27D8040C0006A5A5 /* vImage.swift in Sources */ = {isa = PBXBuildFile; fileRef = 27CC647D27D8040C0006A5A5 /* vImage.swift */; };
		27CC648327D804AA0006A5A5 /* Comic.swift in Sources */ = {isa = PBXBuildFile; fileRef = 27CC648227D804AA0006A5A5 /* Comic.swift */; };
		27CC648827D81F9B0006A5A5 /* Storie.swift in Sources */ = {isa = PBXBuildFile; fileRef = 27CC648727D81F9B0006A5A5 /* Storie.swift */; };
		27CC648D27D821000006A5A5 /* Event.swift in Sources */ = {isa = PBXBuildFile; fileRef = 27CC648C27D821000006A5A5 /* Event.swift */; };
		27CC649227D8222D0006A5A5 /* Series.swift in Sources */ = {isa = PBXBuildFile; fileRef = 27CC649127D8222D0006A5A5 /* Series.swift */; };
/* End PBXBuildFile section */

/* Begin PBXContainerItemProxy section */
		27CC645827D7FA2B0006A5A5 /* PBXContainerItemProxy */ = {
			isa = PBXContainerItemProxy;
			containerPortal = 27CC643927D7FA270006A5A5 /* Project object */;
			proxyType = 1;
			remoteGlobalIDString = 27CC644027D7FA270006A5A5;
			remoteInfo = MARVEL_app;
		};
		27CC646327D7FA2B0006A5A5 /* PBXContainerItemProxy */ = {
			isa = PBXContainerItemProxy;
			containerPortal = 27CC643927D7FA270006A5A5 /* Project object */;
			proxyType = 1;
			remoteGlobalIDString = 27CC644027D7FA270006A5A5;
			remoteInfo = MARVEL_app;
		};
/* End PBXContainerItemProxy section */

/* Begin PBXFileReference section */
		27A6675F27D9EB2300A6135E /* ExternalDataManager.swift */ = {isa = PBXFileReference; lastKnownFileType = sourcecode.swift; path = ExternalDataManager.swift; sourceTree = "<group>"; };
		27A6676B27D9F87100A6135E /* Config.xcconfig */ = {isa = PBXFileReference; lastKnownFileType = text.xcconfig; path = Config.xcconfig; sourceTree = "<group>"; };
		27A6677227DA00F800A6135E /* Utils.swift */ = {isa = PBXFileReference; lastKnownFileType = sourcecode.swift; path = Utils.swift; sourceTree = "<group>"; };
		27A6678427DA22DD00A6135E /* MainListPresenter.swift */ = {isa = PBXFileReference; lastKnownFileType = sourcecode.swift; path = MainListPresenter.swift; sourceTree = "<group>"; };
		27A6678527DA22DD00A6135E /* MainListLocalDataManager.swift */ = {isa = PBXFileReference; lastKnownFileType = sourcecode.swift; path = MainListLocalDataManager.swift; sourceTree = "<group>"; };
		27A6678627DA22DD00A6135E /* MainListProtocols.swift */ = {isa = PBXFileReference; lastKnownFileType = sourcecode.swift; path = MainListProtocols.swift; sourceTree = "<group>"; };
		27A6678727DA22DD00A6135E /* MainListInteractor.swift */ = {isa = PBXFileReference; lastKnownFileType = sourcecode.swift; path = MainListInteractor.swift; sourceTree = "<group>"; };
		27A6678827DA22DD00A6135E /* MainListView.swift */ = {isa = PBXFileReference; lastKnownFileType = sourcecode.swift; path = MainListView.swift; sourceTree = "<group>"; };
		27A6678927DA22DD00A6135E /* MainListRemoteDataManager.swift */ = {isa = PBXFileReference; lastKnownFileType = sourcecode.swift; path = MainListRemoteDataManager.swift; sourceTree = "<group>"; };
		27A6678A27DA22DD00A6135E /* MainListWireFrame.swift */ = {isa = PBXFileReference; lastKnownFileType = sourcecode.swift; path = MainListWireFrame.swift; sourceTree = "<group>"; };
		27A6679527DA2EC400A6135E /* MainListView.storyboard */ = {isa = PBXFileReference; lastKnownFileType = file.storyboard; path = MainListView.storyboard; sourceTree = "<group>"; };
		27A667AC27DA828600A6135E /* MainListCell.xib */ = {isa = PBXFileReference; lastKnownFileType = file.xib; path = MainListCell.xib; sourceTree = "<group>"; };
		27A667C527DA83C300A6135E /* MainListTableViewCell.swift */ = {isa = PBXFileReference; lastKnownFileType = sourcecode.swift; path = MainListTableViewCell.swift; sourceTree = "<group>"; };
		27A667CA27DA996100A6135E /* MainListModel.swift */ = {isa = PBXFileReference; lastKnownFileType = sourcecode.swift; path = MainListModel.swift; sourceTree = "<group>"; };
		27A667D327DAC6E100A6135E /* MainDetailPresenter.swift */ = {isa = PBXFileReference; lastKnownFileType = sourcecode.swift; path = MainDetailPresenter.swift; sourceTree = "<group>"; };
		27A667D427DAC6E100A6135E /* MainDetailLocalDataManager.swift */ = {isa = PBXFileReference; lastKnownFileType = sourcecode.swift; path = MainDetailLocalDataManager.swift; sourceTree = "<group>"; };
		27A667D527DAC6E100A6135E /* MainDetailProtocols.swift */ = {isa = PBXFileReference; lastKnownFileType = sourcecode.swift; path = MainDetailProtocols.swift; sourceTree = "<group>"; };
		27A667D627DAC6E100A6135E /* MainDetailInteractor.swift */ = {isa = PBXFileReference; lastKnownFileType = sourcecode.swift; path = MainDetailInteractor.swift; sourceTree = "<group>"; };
		27A667D727DAC6E100A6135E /* MainDetailView.swift */ = {isa = PBXFileReference; lastKnownFileType = sourcecode.swift; path = MainDetailView.swift; sourceTree = "<group>"; };
		27A667D827DAC6E100A6135E /* MainDetailRemoteDataManager.swift */ = {isa = PBXFileReference; lastKnownFileType = sourcecode.swift; path = MainDetailRemoteDataManager.swift; sourceTree = "<group>"; };
		27A667D927DAC6E100A6135E /* MainDetailWireFrame.swift */ = {isa = PBXFileReference; lastKnownFileType = sourcecode.swift; path = MainDetailWireFrame.swift; sourceTree = "<group>"; };
		27A667EA27DAC9B900A6135E /* MainDetailView.storyboard */ = {isa = PBXFileReference; lastKnownFileType = file.storyboard; path = MainDetailView.storyboard; sourceTree = "<group>"; };
		27A667F227DAD0F200A6135E /* Extensions.swift */ = {isa = PBXFileReference; lastKnownFileType = sourcecode.swift; path = Extensions.swift; sourceTree = "<group>"; };
		27A6680027DB5C0600A6135E /* MainDetailModel.swift */ = {isa = PBXFileReference; lastKnownFileType = sourcecode.swift; path = MainDetailModel.swift; sourceTree = "<group>"; };
		27A6680627DB5F1700A6135E /* Marvel-Regular.ttf */ = {isa = PBXFileReference; lastKnownFileType = file; path = "Marvel-Regular.ttf"; sourceTree = "<group>"; };
		27A6680B27DB613B00A6135E /* Marvel2.otf */ = {isa = PBXFileReference; lastKnownFileType = file; path = Marvel2.otf; sourceTree = "<group>"; };
		27CC644127D7FA270006A5A5 /* MARVEL_app.app */ = {isa = PBXFileReference; explicitFileType = wrapper.application; includeInIndex = 0; path = MARVEL_app.app; sourceTree = BUILT_PRODUCTS_DIR; };
		27CC644427D7FA270006A5A5 /* AppDelegate.swift */ = {isa = PBXFileReference; lastKnownFileType = sourcecode.swift; path = AppDelegate.swift; sourceTree = "<group>"; };
		27CC644627D7FA270006A5A5 /* SceneDelegate.swift */ = {isa = PBXFileReference; lastKnownFileType = sourcecode.swift; path = SceneDelegate.swift; sourceTree = "<group>"; };
		27CC644D27D7FA2A0006A5A5 /* Assets.xcassets */ = {isa = PBXFileReference; lastKnownFileType = folder.assetcatalog; path = Assets.xcassets; sourceTree = "<group>"; };
		27CC645027D7FA2A0006A5A5 /* Base */ = {isa = PBXFileReference; lastKnownFileType = file.storyboard; name = Base; path = Base.lproj/LaunchScreen.storyboard; sourceTree = "<group>"; };
		27CC645227D7FA2A0006A5A5 /* Info.plist */ = {isa = PBXFileReference; lastKnownFileType = text.plist.xml; path = Info.plist; sourceTree = "<group>"; };
		27CC645727D7FA2B0006A5A5 /* MARVEL_appTests.xctest */ = {isa = PBXFileReference; explicitFileType = wrapper.cfbundle; includeInIndex = 0; path = MARVEL_appTests.xctest; sourceTree = BUILT_PRODUCTS_DIR; };
		27CC645B27D7FA2B0006A5A5 /* MARVEL_appTests.swift */ = {isa = PBXFileReference; lastKnownFileType = sourcecode.swift; path = MARVEL_appTests.swift; sourceTree = "<group>"; };
		27CC645D27D7FA2B0006A5A5 /* Info.plist */ = {isa = PBXFileReference; lastKnownFileType = text.plist.xml; path = Info.plist; sourceTree = "<group>"; };
		27CC646227D7FA2B0006A5A5 /* MARVEL_appUITests.xctest */ = {isa = PBXFileReference; explicitFileType = wrapper.cfbundle; includeInIndex = 0; path = MARVEL_appUITests.xctest; sourceTree = BUILT_PRODUCTS_DIR; };
		27CC646627D7FA2B0006A5A5 /* MARVEL_appUITests.swift */ = {isa = PBXFileReference; lastKnownFileType = sourcecode.swift; path = MARVEL_appUITests.swift; sourceTree = "<group>"; };
		27CC646827D7FA2B0006A5A5 /* Info.plist */ = {isa = PBXFileReference; lastKnownFileType = text.plist.xml; path = Info.plist; sourceTree = "<group>"; };
		27CC647827D8002B0006A5A5 /* Character.swift */ = {isa = PBXFileReference; lastKnownFileType = sourcecode.swift; path = Character.swift; sourceTree = "<group>"; };
		27CC647D27D8040C0006A5A5 /* vImage.swift */ = {isa = PBXFileReference; lastKnownFileType = sourcecode.swift; path = vImage.swift; sourceTree = "<group>"; };
		27CC648227D804AA0006A5A5 /* Comic.swift */ = {isa = PBXFileReference; lastKnownFileType = sourcecode.swift; path = Comic.swift; sourceTree = "<group>"; };
		27CC648727D81F9B0006A5A5 /* Storie.swift */ = {isa = PBXFileReference; lastKnownFileType = sourcecode.swift; path = Storie.swift; sourceTree = "<group>"; };
		27CC648C27D821000006A5A5 /* Event.swift */ = {isa = PBXFileReference; lastKnownFileType = sourcecode.swift; path = Event.swift; sourceTree = "<group>"; };
		27CC649127D8222D0006A5A5 /* Series.swift */ = {isa = PBXFileReference; lastKnownFileType = sourcecode.swift; path = Series.swift; sourceTree = "<group>"; };
/* End PBXFileReference section */

/* Begin PBXFrameworksBuildPhase section */
		27CC643E27D7FA270006A5A5 /* Frameworks */ = {
			isa = PBXFrameworksBuildPhase;
			buildActionMask = 2147483647;
			files = (
				27A667FC27DB403000A6135E /* SDWebImage in Frameworks */,
				27A6676627D9ED0800A6135E /* Alamofire in Frameworks */,
			);
			runOnlyForDeploymentPostprocessing = 0;
		};
		27CC645427D7FA2B0006A5A5 /* Frameworks */ = {
			isa = PBXFrameworksBuildPhase;
			buildActionMask = 2147483647;
			files = (
			);
			runOnlyForDeploymentPostprocessing = 0;
		};
		27CC645F27D7FA2B0006A5A5 /* Frameworks */ = {
			isa = PBXFrameworksBuildPhase;
			buildActionMask = 2147483647;
			files = (
			);
			runOnlyForDeploymentPostprocessing = 0;
		};
/* End PBXFrameworksBuildPhase section */

/* Begin PBXGroup section */
		27A6674827D9658900A6135E /* MainListModule */ = {
			isa = PBXGroup;
			children = (
				27A6678827DA22DD00A6135E /* MainListView.swift */,
				27A6679527DA2EC400A6135E /* MainListView.storyboard */,
				27A6678427DA22DD00A6135E /* MainListPresenter.swift */,
				27A6678527DA22DD00A6135E /* MainListLocalDataManager.swift */,
				27A6678627DA22DD00A6135E /* MainListProtocols.swift */,
				27A6678727DA22DD00A6135E /* MainListInteractor.swift */,
				27A6678927DA22DD00A6135E /* MainListRemoteDataManager.swift */,
				27A6678A27DA22DD00A6135E /* MainListWireFrame.swift */,
				27A667AC27DA828600A6135E /* MainListCell.xib */,
				27A667C527DA83C300A6135E /* MainListTableViewCell.swift */,
				27A667CA27DA996100A6135E /* MainListModel.swift */,
			);
			path = MainListModule;
			sourceTree = "<group>";
		};
		27A6675627D9EAE600A6135E /* ExternalDataManager */ = {
			isa = PBXGroup;
			children = (
				27A6675F27D9EB2300A6135E /* ExternalDataManager.swift */,
			);
			path = ExternalDataManager;
			sourceTree = "<group>";
		};
		27A6676A27D9F84C00A6135E /* Config */ = {
			isa = PBXGroup;
			children = (
				27A6676B27D9F87100A6135E /* Config.xcconfig */,
			);
			path = Config;
			sourceTree = "<group>";
		};
		27A667D227DAC6C400A6135E /* MainDetailModule */ = {
			isa = PBXGroup;
			children = (
				27A667D727DAC6E100A6135E /* MainDetailView.swift */,
				27A667EA27DAC9B900A6135E /* MainDetailView.storyboard */,
				27A667D327DAC6E100A6135E /* MainDetailPresenter.swift */,
				27A667D427DAC6E100A6135E /* MainDetailLocalDataManager.swift */,
				27A667D527DAC6E100A6135E /* MainDetailProtocols.swift */,
				27A667D627DAC6E100A6135E /* MainDetailInteractor.swift */,
				27A667D827DAC6E100A6135E /* MainDetailRemoteDataManager.swift */,
				27A667D927DAC6E100A6135E /* MainDetailWireFrame.swift */,
				27A6680027DB5C0600A6135E /* MainDetailModel.swift */,
			);
			path = MainDetailModule;
			sourceTree = "<group>";
		};
		27A6680527DB5EED00A6135E /* Fonts */ = {
			isa = PBXGroup;
			children = (
				27A6680627DB5F1700A6135E /* Marvel-Regular.ttf */,
				27A6680B27DB613B00A6135E /* Marvel2.otf */,
			);
			path = Fonts;
			sourceTree = "<group>";
		};
		27CC643827D7FA270006A5A5 = {
			isa = PBXGroup;
			children = (
				27CC644427D7FA270006A5A5 /* AppDelegate.swift */,
				27CC644327D7FA270006A5A5 /* MARVEL_app */,
				27CC645A27D7FA2B0006A5A5 /* MARVEL_appTests */,
				27CC646527D7FA2B0006A5A5 /* MARVEL_appUITests */,
				27CC644227D7FA270006A5A5 /* Products */,
			);
			sourceTree = "<group>";
		};
		27CC644227D7FA270006A5A5 /* Products */ = {
			isa = PBXGroup;
			children = (
				27CC644127D7FA270006A5A5 /* MARVEL_app.app */,
				27CC645727D7FA2B0006A5A5 /* MARVEL_appTests.xctest */,
				27CC646227D7FA2B0006A5A5 /* MARVEL_appUITests.xctest */,
			);
			name = Products;
			sourceTree = "<group>";
		};
		27CC644327D7FA270006A5A5 /* MARVEL_app */ = {
			isa = PBXGroup;
			children = (
				27A6680527DB5EED00A6135E /* Fonts */,
				27A6676A27D9F84C00A6135E /* Config */,
				27A6675627D9EAE600A6135E /* ExternalDataManager */,
				27A6674827D9658900A6135E /* MainListModule */,
				27A667D227DAC6C400A6135E /* MainDetailModule */,
				27CC647727D7FCAF0006A5A5 /* Entities */,
				27CC644627D7FA270006A5A5 /* SceneDelegate.swift */,
				27CC644D27D7FA2A0006A5A5 /* Assets.xcassets */,
				27CC644F27D7FA2A0006A5A5 /* LaunchScreen.storyboard */,
				27CC645227D7FA2A0006A5A5 /* Info.plist */,
				27A6677227DA00F800A6135E /* Utils.swift */,
				27A667F227DAD0F200A6135E /* Extensions.swift */,
			);
			path = MARVEL_app;
			sourceTree = "<group>";
		};
		27CC645A27D7FA2B0006A5A5 /* MARVEL_appTests */ = {
			isa = PBXGroup;
			children = (
				27CC645B27D7FA2B0006A5A5 /* MARVEL_appTests.swift */,
				27CC645D27D7FA2B0006A5A5 /* Info.plist */,
			);
			path = MARVEL_appTests;
			sourceTree = "<group>";
		};
		27CC646527D7FA2B0006A5A5 /* MARVEL_appUITests */ = {
			isa = PBXGroup;
			children = (
				27CC646627D7FA2B0006A5A5 /* MARVEL_appUITests.swift */,
				27CC646827D7FA2B0006A5A5 /* Info.plist */,
			);
			path = MARVEL_appUITests;
			sourceTree = "<group>";
		};
		27CC647727D7FCAF0006A5A5 /* Entities */ = {
			isa = PBXGroup;
			children = (
				27CC647827D8002B0006A5A5 /* Character.swift */,
				27CC647D27D8040C0006A5A5 /* vImage.swift */,
				27CC648227D804AA0006A5A5 /* Comic.swift */,
				27CC648727D81F9B0006A5A5 /* Storie.swift */,
				27CC648C27D821000006A5A5 /* Event.swift */,
				27CC649127D8222D0006A5A5 /* Series.swift */,
			);
			path = Entities;
			sourceTree = "<group>";
		};
/* End PBXGroup section */

/* Begin PBXNativeTarget section */
		27CC644027D7FA270006A5A5 /* MARVEL_app */ = {
			isa = PBXNativeTarget;
			buildConfigurationList = 27CC646B27D7FA2B0006A5A5 /* Build configuration list for PBXNativeTarget "MARVEL_app" */;
			buildPhases = (
				27CC643D27D7FA270006A5A5 /* Sources */,
				27CC643E27D7FA270006A5A5 /* Frameworks */,
				27CC643F27D7FA270006A5A5 /* Resources */,
			);
			buildRules = (
			);
			dependencies = (
			);
			name = MARVEL_app;
			packageProductDependencies = (
				27A6676527D9ED0800A6135E /* Alamofire */,
				27A667FB27DB403000A6135E /* SDWebImage */,
			);
			productName = MARVEL_app;
			productReference = 27CC644127D7FA270006A5A5 /* MARVEL_app.app */;
			productType = "com.apple.product-type.application";
		};
		27CC645627D7FA2B0006A5A5 /* MARVEL_appTests */ = {
			isa = PBXNativeTarget;
			buildConfigurationList = 27CC646E27D7FA2B0006A5A5 /* Build configuration list for PBXNativeTarget "MARVEL_appTests" */;
			buildPhases = (
				27CC645327D7FA2B0006A5A5 /* Sources */,
				27CC645427D7FA2B0006A5A5 /* Frameworks */,
				27CC645527D7FA2B0006A5A5 /* Resources */,
			);
			buildRules = (
			);
			dependencies = (
				27CC645927D7FA2B0006A5A5 /* PBXTargetDependency */,
			);
			name = MARVEL_appTests;
			productName = MARVEL_appTests;
			productReference = 27CC645727D7FA2B0006A5A5 /* MARVEL_appTests.xctest */;
			productType = "com.apple.product-type.bundle.unit-test";
		};
		27CC646127D7FA2B0006A5A5 /* MARVEL_appUITests */ = {
			isa = PBXNativeTarget;
			buildConfigurationList = 27CC647127D7FA2B0006A5A5 /* Build configuration list for PBXNativeTarget "MARVEL_appUITests" */;
			buildPhases = (
				27CC645E27D7FA2B0006A5A5 /* Sources */,
				27CC645F27D7FA2B0006A5A5 /* Frameworks */,
				27CC646027D7FA2B0006A5A5 /* Resources */,
			);
			buildRules = (
			);
			dependencies = (
				27CC646427D7FA2B0006A5A5 /* PBXTargetDependency */,
			);
			name = MARVEL_appUITests;
			productName = MARVEL_appUITests;
			productReference = 27CC646227D7FA2B0006A5A5 /* MARVEL_appUITests.xctest */;
			productType = "com.apple.product-type.bundle.ui-testing";
		};
/* End PBXNativeTarget section */

/* Begin PBXProject section */
		27CC643927D7FA270006A5A5 /* Project object */ = {
			isa = PBXProject;
			attributes = {
				LastSwiftUpdateCheck = 1210;
				LastUpgradeCheck = 1210;
				TargetAttributes = {
					27CC644027D7FA270006A5A5 = {
						CreatedOnToolsVersion = 12.1;
					};
					27CC645627D7FA2B0006A5A5 = {
						CreatedOnToolsVersion = 12.1;
						TestTargetID = 27CC644027D7FA270006A5A5;
					};
					27CC646127D7FA2B0006A5A5 = {
						CreatedOnToolsVersion = 12.1;
						TestTargetID = 27CC644027D7FA270006A5A5;
					};
				};
			};
			buildConfigurationList = 27CC643C27D7FA270006A5A5 /* Build configuration list for PBXProject "MARVEL_app" */;
			compatibilityVersion = "Xcode 9.3";
			developmentRegion = en;
			hasScannedForEncodings = 0;
			knownRegions = (
				en,
				Base,
			);
			mainGroup = 27CC643827D7FA270006A5A5;
			packageReferences = (
				27A6676427D9ED0800A6135E /* XCRemoteSwiftPackageReference "Alamofire" */,
				27A667FA27DB403000A6135E /* XCRemoteSwiftPackageReference "SDWebImage" */,
			);
			productRefGroup = 27CC644227D7FA270006A5A5 /* Products */;
			projectDirPath = "";
			projectRoot = "";
			targets = (
				27CC644027D7FA270006A5A5 /* MARVEL_app */,
				27CC645627D7FA2B0006A5A5 /* MARVEL_appTests */,
				27CC646127D7FA2B0006A5A5 /* MARVEL_appUITests */,
			);
		};
/* End PBXProject section */

/* Begin PBXResourcesBuildPhase section */
		27CC643F27D7FA270006A5A5 /* Resources */ = {
			isa = PBXResourcesBuildPhase;
			buildActionMask = 2147483647;
			files = (
				27CC645127D7FA2A0006A5A5 /* LaunchScreen.storyboard in Resources */,
				27A6680C27DB613B00A6135E /* Marvel2.otf in Resources */,
				27CC644E27D7FA2A0006A5A5 /* Assets.xcassets in Resources */,
				27A6680727DB5F1700A6135E /* Marvel-Regular.ttf in Resources */,
				27A667EB27DAC9B900A6135E /* MainDetailView.storyboard in Resources */,
				27A667AD27DA828600A6135E /* MainListCell.xib in Resources */,
				27A6679627DA2EC400A6135E /* MainListView.storyboard in Resources */,
			);
			runOnlyForDeploymentPostprocessing = 0;
		};
		27CC645527D7FA2B0006A5A5 /* Resources */ = {
			isa = PBXResourcesBuildPhase;
			buildActionMask = 2147483647;
			files = (
			);
			runOnlyForDeploymentPostprocessing = 0;
		};
		27CC646027D7FA2B0006A5A5 /* Resources */ = {
			isa = PBXResourcesBuildPhase;
			buildActionMask = 2147483647;
			files = (
			);
			runOnlyForDeploymentPostprocessing = 0;
		};
/* End PBXResourcesBuildPhase section */

/* Begin PBXSourcesBuildPhase section */
		27CC643D27D7FA270006A5A5 /* Sources */ = {
			isa = PBXSourcesBuildPhase;
			buildActionMask = 2147483647;
			files = (
				27A6678E27DA22DD00A6135E /* MainListInteractor.swift in Sources */,
				27A667F327DAD0F200A6135E /* Extensions.swift in Sources */,
				27A667DF27DAC6E100A6135E /* MainDetailRemoteDataManager.swift in Sources */,
				27A6679127DA22DD00A6135E /* MainListWireFrame.swift in Sources */,
				27A667DE27DAC6E100A6135E /* MainDetailView.swift in Sources */,
				27A6678C27DA22DD00A6135E /* MainListLocalDataManager.swift in Sources */,
				27CC648D27D821000006A5A5 /* Event.swift in Sources */,
				27CC648827D81F9B0006A5A5 /* Storie.swift in Sources */,
				27A6679027DA22DD00A6135E /* MainListRemoteDataManager.swift in Sources */,
				27CC647E27D8040C0006A5A5 /* vImage.swift in Sources */,
				27A667DB27DAC6E100A6135E /* MainDetailLocalDataManager.swift in Sources */,
				27A6677327DA00F800A6135E /* Utils.swift in Sources */,
				27CC648327D804AA0006A5A5 /* Comic.swift in Sources */,
				27A667C627DA83C300A6135E /* MainListTableViewCell.swift in Sources */,
				27A6676027D9EB2300A6135E /* ExternalDataManager.swift in Sources */,
				27A667CB27DA996100A6135E /* MainListModel.swift in Sources */,
				27A667DA27DAC6E100A6135E /* MainDetailPresenter.swift in Sources */,
				27A6680127DB5C0600A6135E /* MainDetailModel.swift in Sources */,
				27A6678F27DA22DD00A6135E /* MainListView.swift in Sources */,
				27A667DC27DAC6E100A6135E /* MainDetailProtocols.swift in Sources */,
				27A6678D27DA22DD00A6135E /* MainListProtocols.swift in Sources */,
				27A6678B27DA22DD00A6135E /* MainListPresenter.swift in Sources */,
				27A667DD27DAC6E100A6135E /* MainDetailInteractor.swift in Sources */,
				27CC644527D7FA270006A5A5 /* AppDelegate.swift in Sources */,
				27A667E027DAC6E100A6135E /* MainDetailWireFrame.swift in Sources */,
				27CC649227D8222D0006A5A5 /* Series.swift in Sources */,
				27CC644727D7FA270006A5A5 /* SceneDelegate.swift in Sources */,
				27CC647927D8002B0006A5A5 /* Character.swift in Sources */,
			);
			runOnlyForDeploymentPostprocessing = 0;
		};
		27CC645327D7FA2B0006A5A5 /* Sources */ = {
			isa = PBXSourcesBuildPhase;
			buildActionMask = 2147483647;
			files = (
				27CC645C27D7FA2B0006A5A5 /* MARVEL_appTests.swift in Sources */,
			);
			runOnlyForDeploymentPostprocessing = 0;
		};
		27CC645E27D7FA2B0006A5A5 /* Sources */ = {
			isa = PBXSourcesBuildPhase;
			buildActionMask = 2147483647;
			files = (
				27CC646727D7FA2B0006A5A5 /* MARVEL_appUITests.swift in Sources */,
			);
			runOnlyForDeploymentPostprocessing = 0;
		};
/* End PBXSourcesBuildPhase section */

/* Begin PBXTargetDependency section */
		27CC645927D7FA2B0006A5A5 /* PBXTargetDependency */ = {
			isa = PBXTargetDependency;
			target = 27CC644027D7FA270006A5A5 /* MARVEL_app */;
			targetProxy = 27CC645827D7FA2B0006A5A5 /* PBXContainerItemProxy */;
		};
		27CC646427D7FA2B0006A5A5 /* PBXTargetDependency */ = {
			isa = PBXTargetDependency;
			target = 27CC644027D7FA270006A5A5 /* MARVEL_app */;
			targetProxy = 27CC646327D7FA2B0006A5A5 /* PBXContainerItemProxy */;
		};
/* End PBXTargetDependency section */

/* Begin PBXVariantGroup section */
		27CC644F27D7FA2A0006A5A5 /* LaunchScreen.storyboard */ = {
			isa = PBXVariantGroup;
			children = (
				27CC645027D7FA2A0006A5A5 /* Base */,
			);
			name = LaunchScreen.storyboard;
			sourceTree = "<group>";
		};
/* End PBXVariantGroup section */

/* Begin XCBuildConfiguration section */
		27CC646927D7FA2B0006A5A5 /* Debug */ = {
			isa = XCBuildConfiguration;
			baseConfigurationReference = 27A6676B27D9F87100A6135E /* Config.xcconfig */;
			buildSettings = {
				ALWAYS_SEARCH_USER_PATHS = NO;
				CLANG_ANALYZER_NONNULL = YES;
				CLANG_ANALYZER_NUMBER_OBJECT_CONVERSION = YES_AGGRESSIVE;
				CLANG_CXX_LANGUAGE_STANDARD = "gnu++14";
				CLANG_CXX_LIBRARY = "libc++";
				CLANG_ENABLE_MODULES = YES;
				CLANG_ENABLE_OBJC_ARC = YES;
				CLANG_ENABLE_OBJC_WEAK = YES;
				CLANG_WARN_BLOCK_CAPTURE_AUTORELEASING = YES;
				CLANG_WARN_BOOL_CONVERSION = YES;
				CLANG_WARN_COMMA = YES;
				CLANG_WARN_CONSTANT_CONVERSION = YES;
				CLANG_WARN_DEPRECATED_OBJC_IMPLEMENTATIONS = YES;
				CLANG_WARN_DIRECT_OBJC_ISA_USAGE = YES_ERROR;
				CLANG_WARN_DOCUMENTATION_COMMENTS = YES;
				CLANG_WARN_EMPTY_BODY = YES;
				CLANG_WARN_ENUM_CONVERSION = YES;
				CLANG_WARN_INFINITE_RECURSION = YES;
				CLANG_WARN_INT_CONVERSION = YES;
				CLANG_WARN_NON_LITERAL_NULL_CONVERSION = YES;
				CLANG_WARN_OBJC_IMPLICIT_RETAIN_SELF = YES;
				CLANG_WARN_OBJC_LITERAL_CONVERSION = YES;
				CLANG_WARN_OBJC_ROOT_CLASS = YES_ERROR;
				CLANG_WARN_QUOTED_INCLUDE_IN_FRAMEWORK_HEADER = YES;
				CLANG_WARN_RANGE_LOOP_ANALYSIS = YES;
				CLANG_WARN_STRICT_PROTOTYPES = YES;
				CLANG_WARN_SUSPICIOUS_MOVE = YES;
				CLANG_WARN_UNGUARDED_AVAILABILITY = YES_AGGRESSIVE;
				CLANG_WARN_UNREACHABLE_CODE = YES;
				CLANG_WARN__DUPLICATE_METHOD_MATCH = YES;
				COPY_PHASE_STRIP = NO;
				DEBUG_INFORMATION_FORMAT = dwarf;
				ENABLE_STRICT_OBJC_MSGSEND = YES;
				ENABLE_TESTABILITY = YES;
				GCC_C_LANGUAGE_STANDARD = gnu11;
				GCC_DYNAMIC_NO_PIC = NO;
				GCC_NO_COMMON_BLOCKS = YES;
				GCC_OPTIMIZATION_LEVEL = 0;
				GCC_PREPROCESSOR_DEFINITIONS = (
					"DEBUG=1",
					"$(inherited)",
				);
				GCC_WARN_64_TO_32_BIT_CONVERSION = YES;
				GCC_WARN_ABOUT_RETURN_TYPE = YES_ERROR;
				GCC_WARN_UNDECLARED_SELECTOR = YES;
				GCC_WARN_UNINITIALIZED_AUTOS = YES_AGGRESSIVE;
				GCC_WARN_UNUSED_FUNCTION = YES;
				GCC_WARN_UNUSED_VARIABLE = YES;
				IPHONEOS_DEPLOYMENT_TARGET = 14.1;
				MTL_ENABLE_DEBUG_INFO = INCLUDE_SOURCE;
				MTL_FAST_MATH = YES;
				ONLY_ACTIVE_ARCH = YES;
				SDKROOT = iphoneos;
				SWIFT_ACTIVE_COMPILATION_CONDITIONS = DEBUG;
				SWIFT_OPTIMIZATION_LEVEL = "-Onone";
			};
			name = Debug;
		};
		27CC646A27D7FA2B0006A5A5 /* Release */ = {
			isa = XCBuildConfiguration;
			baseConfigurationReference = 27A6676B27D9F87100A6135E /* Config.xcconfig */;
			buildSettings = {
				ALWAYS_SEARCH_USER_PATHS = NO;
				CLANG_ANALYZER_NONNULL = YES;
				CLANG_ANALYZER_NUMBER_OBJECT_CONVERSION = YES_AGGRESSIVE;
				CLANG_CXX_LANGUAGE_STANDARD = "gnu++14";
				CLANG_CXX_LIBRARY = "libc++";
				CLANG_ENABLE_MODULES = YES;
				CLANG_ENABLE_OBJC_ARC = YES;
				CLANG_ENABLE_OBJC_WEAK = YES;
				CLANG_WARN_BLOCK_CAPTURE_AUTORELEASING = YES;
				CLANG_WARN_BOOL_CONVERSION = YES;
				CLANG_WARN_COMMA = YES;
				CLANG_WARN_CONSTANT_CONVERSION = YES;
				CLANG_WARN_DEPRECATED_OBJC_IMPLEMENTATIONS = YES;
				CLANG_WARN_DIRECT_OBJC_ISA_USAGE = YES_ERROR;
				CLANG_WARN_DOCUMENTATION_COMMENTS = YES;
				CLANG_WARN_EMPTY_BODY = YES;
				CLANG_WARN_ENUM_CONVERSION = YES;
				CLANG_WARN_INFINITE_RECURSION = YES;
				CLANG_WARN_INT_CONVERSION = YES;
				CLANG_WARN_NON_LITERAL_NULL_CONVERSION = YES;
				CLANG_WARN_OBJC_IMPLICIT_RETAIN_SELF = YES;
				CLANG_WARN_OBJC_LITERAL_CONVERSION = YES;
				CLANG_WARN_OBJC_ROOT_CLASS = YES_ERROR;
				CLANG_WARN_QUOTED_INCLUDE_IN_FRAMEWORK_HEADER = YES;
				CLANG_WARN_RANGE_LOOP_ANALYSIS = YES;
				CLANG_WARN_STRICT_PROTOTYPES = YES;
				CLANG_WARN_SUSPICIOUS_MOVE = YES;
				CLANG_WARN_UNGUARDED_AVAILABILITY = YES_AGGRESSIVE;
				CLANG_WARN_UNREACHABLE_CODE = YES;
				CLANG_WARN__DUPLICATE_METHOD_MATCH = YES;
				COPY_PHASE_STRIP = NO;
				DEBUG_INFORMATION_FORMAT = "dwarf-with-dsym";
				ENABLE_NS_ASSERTIONS = NO;
				ENABLE_STRICT_OBJC_MSGSEND = YES;
				GCC_C_LANGUAGE_STANDARD = gnu11;
				GCC_NO_COMMON_BLOCKS = YES;
				GCC_WARN_64_TO_32_BIT_CONVERSION = YES;
				GCC_WARN_ABOUT_RETURN_TYPE = YES_ERROR;
				GCC_WARN_UNDECLARED_SELECTOR = YES;
				GCC_WARN_UNINITIALIZED_AUTOS = YES_AGGRESSIVE;
				GCC_WARN_UNUSED_FUNCTION = YES;
				GCC_WARN_UNUSED_VARIABLE = YES;
				IPHONEOS_DEPLOYMENT_TARGET = 14.1;
				MTL_ENABLE_DEBUG_INFO = NO;
				MTL_FAST_MATH = YES;
				SDKROOT = iphoneos;
				SWIFT_COMPILATION_MODE = wholemodule;
				SWIFT_OPTIMIZATION_LEVEL = "-O";
				VALIDATE_PRODUCT = YES;
			};
			name = Release;
		};
		27CC646C27D7FA2B0006A5A5 /* Debug */ = {
			isa = XCBuildConfiguration;
			buildSettings = {
				ASSETCATALOG_COMPILER_APPICON_NAME = AppIcon;
				ASSETCATALOG_COMPILER_GLOBAL_ACCENT_COLOR_NAME = AccentColor;
				CODE_SIGN_STYLE = Automatic;
				DEVELOPMENT_TEAM = T8HXSB68YC;
				INFOPLIST_FILE = MARVEL_app/Info.plist;
				LD_RUNPATH_SEARCH_PATHS = (
					"$(inherited)",
					"@executable_path/Frameworks",
				);
				PRODUCT_BUNDLE_IDENTIFIER = "es.dabab.MARVEL-app";
				PRODUCT_NAME = "$(TARGET_NAME)";
				SWIFT_VERSION = 5.0;
				TARGETED_DEVICE_FAMILY = "1,2";
			};
			name = Debug;
		};
		27CC646D27D7FA2B0006A5A5 /* Release */ = {
			isa = XCBuildConfiguration;
			buildSettings = {
				ASSETCATALOG_COMPILER_APPICON_NAME = AppIcon;
				ASSETCATALOG_COMPILER_GLOBAL_ACCENT_COLOR_NAME = AccentColor;
				CODE_SIGN_STYLE = Automatic;
				DEVELOPMENT_TEAM = T8HXSB68YC;
				INFOPLIST_FILE = MARVEL_app/Info.plist;
				LD_RUNPATH_SEARCH_PATHS = (
					"$(inherited)",
					"@executable_path/Frameworks",
				);
				PRODUCT_BUNDLE_IDENTIFIER = "es.dabab.MARVEL-app";
				PRODUCT_NAME = "$(TARGET_NAME)";
				SWIFT_VERSION = 5.0;
				TARGETED_DEVICE_FAMILY = "1,2";
			};
			name = Release;
		};
		27CC646F27D7FA2B0006A5A5 /* Debug */ = {
			isa = XCBuildConfiguration;
			buildSettings = {
				ALWAYS_EMBED_SWIFT_STANDARD_LIBRARIES = YES;
				BUNDLE_LOADER = "$(TEST_HOST)";
				CODE_SIGN_STYLE = Automatic;
				DEVELOPMENT_TEAM = T8HXSB68YC;
				INFOPLIST_FILE = MARVEL_appTests/Info.plist;
				IPHONEOS_DEPLOYMENT_TARGET = 14.1;
				LD_RUNPATH_SEARCH_PATHS = (
					"$(inherited)",
					"@executable_path/Frameworks",
					"@loader_path/Frameworks",
				);
				PRODUCT_BUNDLE_IDENTIFIER = "es.dabab.MARVEL-appTests";
				PRODUCT_NAME = "$(TARGET_NAME)";
				SWIFT_VERSION = 5.0;
				TARGETED_DEVICE_FAMILY = "1,2";
				TEST_HOST = "$(BUILT_PRODUCTS_DIR)/MARVEL_app.app/MARVEL_app";
			};
			name = Debug;
		};
		27CC647027D7FA2B0006A5A5 /* Release */ = {
			isa = XCBuildConfiguration;
			buildSettings = {
				ALWAYS_EMBED_SWIFT_STANDARD_LIBRARIES = YES;
				BUNDLE_LOADER = "$(TEST_HOST)";
				CODE_SIGN_STYLE = Automatic;
				DEVELOPMENT_TEAM = T8HXSB68YC;
				INFOPLIST_FILE = MARVEL_appTests/Info.plist;
				IPHONEOS_DEPLOYMENT_TARGET = 14.1;
				LD_RUNPATH_SEARCH_PATHS = (
					"$(inherited)",
					"@executable_path/Frameworks",
					"@loader_path/Frameworks",
				);
				PRODUCT_BUNDLE_IDENTIFIER = "es.dabab.MARVEL-appTests";
				PRODUCT_NAME = "$(TARGET_NAME)";
				SWIFT_VERSION = 5.0;
				TARGETED_DEVICE_FAMILY = "1,2";
				TEST_HOST = "$(BUILT_PRODUCTS_DIR)/MARVEL_app.app/MARVEL_app";
			};
			name = Release;
		};
		27CC647227D7FA2B0006A5A5 /* Debug */ = {
			isa = XCBuildConfiguration;
			buildSettings = {
				ALWAYS_EMBED_SWIFT_STANDARD_LIBRARIES = YES;
				CODE_SIGN_STYLE = Automatic;
				DEVELOPMENT_TEAM = T8HXSB68YC;
				INFOPLIST_FILE = MARVEL_appUITests/Info.plist;
				LD_RUNPATH_SEARCH_PATHS = (
					"$(inherited)",
					"@executable_path/Frameworks",
					"@loader_path/Frameworks",
				);
				PRODUCT_BUNDLE_IDENTIFIER = "es.dabab.MARVEL-appUITests";
				PRODUCT_NAME = "$(TARGET_NAME)";
				SWIFT_VERSION = 5.0;
				TARGETED_DEVICE_FAMILY = "1,2";
				TEST_TARGET_NAME = MARVEL_app;
			};
			name = Debug;
		};
		27CC647327D7FA2B0006A5A5 /* Release */ = {
			isa = XCBuildConfiguration;
			buildSettings = {
				ALWAYS_EMBED_SWIFT_STANDARD_LIBRARIES = YES;
				CODE_SIGN_STYLE = Automatic;
				DEVELOPMENT_TEAM = T8HXSB68YC;
				INFOPLIST_FILE = MARVEL_appUITests/Info.plist;
				LD_RUNPATH_SEARCH_PATHS = (
					"$(inherited)",
					"@executable_path/Frameworks",
					"@loader_path/Frameworks",
				);
				PRODUCT_BUNDLE_IDENTIFIER = "es.dabab.MARVEL-appUITests";
				PRODUCT_NAME = "$(TARGET_NAME)";
				SWIFT_VERSION = 5.0;
				TARGETED_DEVICE_FAMILY = "1,2";
				TEST_TARGET_NAME = MARVEL_app;
			};
			name = Release;
		};
/* End XCBuildConfiguration section */

/* Begin XCConfigurationList section */
		27CC643C27D7FA270006A5A5 /* Build configuration list for PBXProject "MARVEL_app" */ = {
			isa = XCConfigurationList;
			buildConfigurations = (
				27CC646927D7FA2B0006A5A5 /* Debug */,
				27CC646A27D7FA2B0006A5A5 /* Release */,
			);
			defaultConfigurationIsVisible = 0;
			defaultConfigurationName = Release;
		};
		27CC646B27D7FA2B0006A5A5 /* Build configuration list for PBXNativeTarget "MARVEL_app" */ = {
			isa = XCConfigurationList;
			buildConfigurations = (
				27CC646C27D7FA2B0006A5A5 /* Debug */,
				27CC646D27D7FA2B0006A5A5 /* Release */,
			);
			defaultConfigurationIsVisible = 0;
			defaultConfigurationName = Release;
		};
		27CC646E27D7FA2B0006A5A5 /* Build configuration list for PBXNativeTarget "MARVEL_appTests" */ = {
			isa = XCConfigurationList;
			buildConfigurations = (
				27CC646F27D7FA2B0006A5A5 /* Debug */,
				27CC647027D7FA2B0006A5A5 /* Release */,
			);
			defaultConfigurationIsVisible = 0;
			defaultConfigurationName = Release;
		};
		27CC647127D7FA2B0006A5A5 /* Build configuration list for PBXNativeTarget "MARVEL_appUITests" */ = {
			isa = XCConfigurationList;
			buildConfigurations = (
				27CC647227D7FA2B0006A5A5 /* Debug */,
				27CC647327D7FA2B0006A5A5 /* Release */,
			);
			defaultConfigurationIsVisible = 0;
			defaultConfigurationName = Release;
		};
/* End XCConfigurationList section */

/* Begin XCRemoteSwiftPackageReference section */
		27A6676427D9ED0800A6135E /* XCRemoteSwiftPackageReference "Alamofire" */ = {
			isa = XCRemoteSwiftPackageReference;
			repositoryURL = "https://github.com/Alamofire/Alamofire.git";
			requirement = {
				kind = upToNextMajorVersion;
				minimumVersion = 5.4.4;
			};
		};
		27A667FA27DB403000A6135E /* XCRemoteSwiftPackageReference "SDWebImage" */ = {
			isa = XCRemoteSwiftPackageReference;
			repositoryURL = "https://github.com/SDWebImage/SDWebImage.git";
			requirement = {
				kind = upToNextMajorVersion;
				minimumVersion = 5.1.0;
			};
		};
/* End XCRemoteSwiftPackageReference section */

/* Begin XCSwiftPackageProductDependency section */
		27A6676527D9ED0800A6135E /* Alamofire */ = {
			isa = XCSwiftPackageProductDependency;
			package = 27A6676427D9ED0800A6135E /* XCRemoteSwiftPackageReference "Alamofire" */;
			productName = Alamofire;
		};
		27A667FB27DB403000A6135E /* SDWebImage */ = {
			isa = XCSwiftPackageProductDependency;
			package = 27A667FA27DB403000A6135E /* XCRemoteSwiftPackageReference "SDWebImage" */;
			productName = SDWebImage;
		};
/* End XCSwiftPackageProductDependency section */
	};
	rootObject = 27CC643927D7FA270006A5A5 /* Project object */;
}
